# THIS IS AN AUTOGENERATED FILE. DO NOT EDIT THIS FILE DIRECTLY.
# yarn lockfile v1


"@asamuzakjp/css-color@^5.1.11":
  version "5.1.11"
  resolved "https://registry.yarnpkg.com/@asamuzakjp/css-color/-/css-color-5.1.11.tgz#28a0aac8220a4cc19045ac3bd9a813d4060bd375"
  integrity sha512-KVw6qIiCTUQhByfTd78h2yD1/00waTmm9uy/R7Ck/ctUyAPj+AEDLkQIdJW0T8+qGgj3j5bpNKK7Q3G+LedJWg==
  dependencies:
    "@asamuzakjp/generational-cache" "^1.0.1"
    "@csstools/css-calc" "^3.2.0"
    "@csstools/css-color-parser" "^4.1.0"
    "@csstools/css-parser-algorithms" "^4.0.0"
    "@csstools/css-tokenizer" "^4.0.0"

"@asamuzakjp/dom-selector@^7.1.1":
  version "7.1.1"
  resolved "https://registry.yarnpkg.com/@asamuzakjp/dom-selector/-/dom-selector-7.1.1.tgz#01880086bb2490098f167beb58555da1a6c9adbd"
  integrity sha512-67RZDnYRc8H/8MLDgQCDE//zoqVFwajkepHZgmXrbwybzXOEwOWGPYGmALYl9J2DOLfFPPs6kKCqmbzV895hTQ==
  dependencies:
    "@asamuzakjp/generational-cache" "^1.0.1"
    "@asamuzakjp/nwsapi" "^2.3.9"
    bidi-js "^1.0.3"
    css-tree "^3.2.1"
    is-potential-custom-element-name "^1.0.1"

"@asamuzakjp/generational-cache@^1.0.1":
  version "1.0.1"
  resolved "https://registry.yarnpkg.com/@asamuzakjp/generational-cache/-/generational-cache-1.0.1.tgz#3d0bf6be4fc059851390a7070720c6007af793ec"
  integrity sha512-wajfB8KqzMCN2KGNFdLkReeHncd0AslUSrvHVvvYWuU8ghncRJoA50kT3zP9MVL0+9g4/67H+cdvBskj9THPzg==

"@asamuzakjp/nwsapi@^2.3.9":
  version "2.3.9"
  resolved "https://registry.yarnpkg.com/@asamuzakjp/nwsapi/-/nwsapi-2.3.9.tgz#ad5549322dfe9d153d4b4dd6f7ff2ae234b06e24"
  integrity sha512-n8GuYSrI9bF7FFZ/SjhwevlHc8xaVlb/7HmHelnc/PZXBD2ZR49NnN9sMMuDdEGPeeRQ5d0hqlSlEpgCX3Wl0Q==

"@biomejs/biome@2.5.12":
  version "2.5.12"
  resolved "https://registry.yarnpkg.com/@biomejs/biome/-/biome-2.5.12.tgz#76848cbbc1702d7bdc78ff7ae150845489e6fffd"
  integrity sha512-Lw4VHZRebrReBBnlHa12JQjnIBm3JJAA55PDB9LbBVBF0q4RYphm6KfmIjqtPhf61MxZ5Q9KoK8R8x+7per5Aw==
  optionalDependencies:
    "@biomejs/cli-darwin-arm64" "2.5.12"
    "@biomejs/cli-darwin-x64" "2.5.12"
    "@biomejs/cli-linux-arm64" "2.5.12"
    "@biomejs/cli-linux-arm64-musl" "2.5.12"
    "@biomejs/cli-linux-x64" "2.5.12"
    "@biomejs/cli-linux-x64-musl" "2.5.12"
    "@biomejs/cli-win32-arm64" "2.5.12"
    "@biomejs/cli-win32-x64" "2.5.12"

"@biomejs/cli-darwin-arm64@2.5.12":
  version "2.5.12"
  resolved "https://registry.yarnpkg.com/@biomejs/cli-darwin-arm64/-/cli-darwin-arm64-2.5.12.tgz#8d59c7eccc2a829d156379ea2e1d6b5aadb469ac"
  integrity sha512-lCRY1rwgNeWNgTr4DI/u6ZwXTRwRLHAvbaio1YLLGS+4r1nhvB2ssyPqIpfUSmRveNfv0fn/N58C7CAdK2XVrg==

"@biomejs/cli-darwin-x64@2.5.12":
  version "2.5.12"
  resolved "https://registry.yarnpkg.com/@biomejs/cli-darwin-x64/-/cli-darwin-x64-2.5.12.tgz#a50e0972c22beedd4f958d44a77d282da26852b4"
  integrity sha512-vhPgwnh+6tN3ArdAXuET99xaNbFt7CG82Bqn+omHVLC5xdVx45JsYjGPmUIGNzjDek5XdNCP1HKksK7fn8+3bQ==

"@biomejs/cli-linux-arm64-musl@2.5.12":
  version "2.5.12"
  resolved "https://registry.yarnpkg.com/@biomejs/cli-linux-arm64-musl/-/cli-linux-arm64-musl-2.5.12.tgz#d03b38a40c01cbac4b7526a9111d786f552fb2ac"
  integrity sha512-couHYjFLL5uuI8ne6zhT7KwEsXo5YP7ry/2xmEqah7qanu0YmfDi3mwJg47YXSuv/NpZj22CZzcRH/5c4gjPSQ==

"@biomejs/cli-linux-arm64@2.5.12":
  version "2.5.12"
  resolved "https://registry.yarnpkg.com/@biomejs/cli-linux-arm64/-/cli-linux-arm64-2.5.12.tgz#8fb9286bc2c7b25abe08df3f933c4dd0d829f6d4"
  integrity sha512-2gp8aVwXYKdAtmBfRFCUuyDMcfN1ahHqUkGfLYrZlNRFmryMATLVvJgWKvyA8wu4Rwn5OSxM1UcUmOuOFNGeBQ==

"@biomejs/cli-linux-x64-musl@2.5.12":
  version "2.5.12"
  resolved "https://registry.yarnpkg.com/@biomejs/cli-linux-x64-musl/-/cli-linux-x64-musl-2.5.12.tgz#f4e310d03e94e67a1178daf323ba5f3931ca57a9"
  integrity sha512-8A0oDW58/w9f/PQNYuq0sGUZtGtGrkNF4Z6n0PUoXpLCshi85vtKTv1XSznQawhdE4MXJ8ufpzHXyLFe87M/+w==

"@biomejs/cli-linux-x64@2.5.12":
  version "2.5.12"
  resolved "https://registry.yarnpkg.com/@biomejs/cli-linux-x64/-/cli-linux-x64-2.5.12.tgz#89eb17630bbb0e5b97c45a5b6e56140a33d67d25"
  integrity sha512-SnvOs3TSTiuia4SQOUNe1aWC9RT4+YkjcKnOhL/nsKOV0k5ycgBkDzF0lUxKn1V7Q8CLTRq6iV23ZAivHomRoA==

"@biomejs/cli-win32-arm64@2.5.12":
  version "2.5.12"
  resolved "https://registry.yarnpkg.com/@biomejs/cli-win32-arm64/-/cli-win32-arm64-2.5.12.tgz#748e1eb0d1525214fcaf74c715e5f1d0dc6f152e"
  integrity sha512-b9vtoZFsuZt1pdjNwJvXl0f+BpayRzV008uS2+JpmwIKdSE2qdu4A/l04FESwLoou5g2E/Qlec0xwJydZplH+A==

"@biomejs/cli-win32-x64@2.5.12":
  version "2.5.12"
  resolved "https://registry.yarnpkg.com/@biomejs/cli-win32-x64/-/cli-win32-x64-2.5.12.tgz#cc1ff66c54783aa7325faa3d2ef165a22ee8ce4e"
  integrity sha512-B1R/l+CwEpKFSuqiwePzPNRk1EiJN8kc0UhdafNz6MZN9v5OFP9HYP1irptvWzHrwVI4blVNGMbxc5zt70m3IA==

"@bramus/specificity@^2.4.2":
  version "2.4.2"
  resolved "https://registry.yarnpkg.com/@bramus/specificity/-/specificity-2.4.2.tgz#aa8db8eb173fdee7324f82284833106adeecc648"
  integrity sha512-ctxtJ/eA+t+6q2++vj5j7FYX3nRu311q1wfYH3xjlLOsczhlhxAg2FWNUXhpGvAw3BWo1xBcvOV6/YLc2r5FJw==
  dependencies:
    css-tree "^3.0.0"

"@csstools/color-helpers@^6.0.2":
  version "6.0.2"
  resolved "https://registry.yarnpkg.com/@csstools/color-helpers/-/color-helpers-6.0.2.tgz#82c59fd30649cf0b4d3c82160489748666e6550b"
  integrity sha512-LMGQLS9EuADloEFkcTBR3BwV/CGHV7zyDxVRtVDTwdI2Ca4it0CCVTT9wCkxSgokjE5Ho41hEPgb8OEUwoXr6Q==

"@csstools/css-calc@^3.2.0", "@csstools/css-calc@^3.2.1":
  version "3.2.1"
  resolved "https://registry.yarnpkg.com/@csstools/css-calc/-/css-calc-3.2.1.tgz#b30e061ca9f297ccb2b3b032bfee32fda02b1b27"
  integrity sha512-DtdHlgXh5ZkA43cwBcAm+huzgJiwx3ZTWVjBs94kwz2xKqSimDA3lBgCjphYgwgVUMWatSM0pDd8TILB1yrVVg==

"@csstools/css-color-parser@^4.1.0":
  version "4.1.8"
  resolved "https://registry.yarnpkg.com/@csstools/css-color-parser/-/css-color-parser-4.1.8.tgz#54c156703a4072a23b0f5e53915ce3479f4d29ec"
  integrity sha512-3chWb7PRLijpJpPIKkDxdu6IBeO5MrFACND57On0j8OPpc0wZibcGc3xAHrSEbOx/KDRyMHoIxGn0w1PhXMYHw==
  dependencies:
    "@csstools/color-helpers" "^6.0.2"
    "@csstools/css-calc" "^3.2.1"

"@csstools/css-parser-algorithms@^4.0.0":
  version "4.0.0"
  resolved "https://registry.yarnpkg.com/@csstools/css-parser-algorithms/-/css-parser-algorithms-4.0.0.tgz#e1c65dc09378b42f26a111fca7f7075fc2c26164"
  integrity sha512-+B87qS7fIG3L5h3qwJ/IFbjoVoOe/bpOdh9hAjXbvx0o8ImEmUsGXN0inFOnk2ChCFgqkkGFQ+TpM5rbhkKe4w==

"@csstools/css-syntax-patches-for-csstree@^1.1.3":
  version "1.1.5"
  resolved "https://registry.yarnpkg.com/@csstools/css-syntax-patches-for-csstree/-/css-syntax-patches-for-csstree-1.1.5.tgz#b8e26e0fe25e9a6ec607d045470cc46d2f62731e"
  integrity sha512-oNjBvzLq2GPZtJphCjLqXow/cHySHSgtxvKZb7OqSZ/xHgw6NWNhfad+6AB9cLeVm6eA9d/qMll3JdEHjy6M+A==

"@csstools/css-tokenizer@^4.0.0":
  version "4.0.0"
  resolved "https://registry.yarnpkg.com/@csstools/css-tokenizer/-/css-tokenizer-4.0.0.tgz#798a33950d11226a0ebb6acafa60f5594424967f"
  integrity sha512-QxULHAm7cNu72w97JUNCBFODFaXpbDg+dP8b/oWFAZ2MTRppA3U00Y2L1HqaS4J6yBqxwa/Y3nMBaxVKbB/NsA==

"@exodus/bytes@^1.11.0", "@exodus/bytes@^1.15.0", "@exodus/bytes@^1.6.0":
  version "1.15.1"
  resolved "https://registry.yarnpkg.com/@exodus/bytes/-/bytes-1.15.1.tgz#b13bc464ca162c17abf0837fb3a11aeab79e45d1"
  integrity sha512-S6mL0yNB/Abt9Ei4tq8gDhcczc4S3+vQ4ra7vxnAf+YHC02srtqxKKZghx2Dq6p0e66THKwR6r8N6P95wEty7Q==

"@hotwired/turbo@^8.0.0":
  version "8.0.23"
  resolved "https://registry.yarnpkg.com/@hotwired/turbo/-/turbo-8.0.23.tgz#a6eebc9ab4a5faadae265a4cbec8cfcb5731e77c"
  integrity sha512-GZ7cijxEZ6Ig71u7rD6LHaRv/wcE/hNsc+nEfiWOkLNqUgLOwo5MNGWOy5ZV9ZUDSiQx1no7YxjTNnT4O6//cQ==

"@jridgewell/resolve-uri@^3.1.0":
  version "3.1.2"
  resolved "https://registry.yarnpkg.com/@jridgewell/resolve-uri/-/resolve-uri-3.1.2.tgz#7a0ee601f60f99a20c7c7c5ff0c80388c1189bd6"
  integrity sha512-bRISgCIjP20/tbWSPWMEi54QVPRZExkuD9lJL+UIxUKtwVJA8wW1Trb1jMs1RFXo1CBTNZ/5hpC9QvmKWdopKw==

"@jridgewell/sourcemap-codec@^1.4.14", "@jridgewell/sourcemap-codec@^1.6.0":
  version "1.6.0"
  resolved "https://registry.yarnpkg.com/@jridgewell/sourcemap-codec/-/sourcemap-codec-1.6.0.tgz#f4c663e862f06dc98ca4d453862c46902789a18d"
  integrity sha512-T7jf+5zgsZHwNJ4lvQ7/aezbyk0nNX+zJVWpmHA7VYsEx7a7qr5Rg5IbtJFqkgze5Y2sruq1RUY8Q837Od7iFw==

"@jridgewell/trace-mapping@0.3.31":
  version "0.3.31"
  resolved "https://registry.yarnpkg.com/@jridgewell/trace-mapping/-/trace-mapping-0.3.31.tgz#db15d6781c931f3a251a3dac39501c98a6082fd0"
  integrity sha512-zzNR+SdQSDJzc8joaeP8QQoCQr8NuYx2dIIytl1QeBEZHJ9uW6hebsrYgbz8hJwUQao3TWCMtmfV8Nu1twOLAw==
  dependencies:
    "@jridgewell/resolve-uri" "^3.1.0"
    "@jridgewell/sourcemap-codec" "^1.4.14"

"@oxc-project/types@=0.148.0":
  version "0.148.0"
  resolved "https://registry.yarnpkg.com/@oxc-project/types/-/types-0.148.0.tgz#811d188a2e1af35784461b8a0490e13a3d76837c"
  integrity sha512-Nm4s/jB+4FpFsPhWGEC4h7rzksesmtnMXomo6rCMcg/b8zLQuOziRgkCS1fxDCXOlJB/6Q8oABOZ/OP6RIPj9A==

"@quansync/fs@^1.0.0":
  version "1.0.0"
  resolved "https://registry.yarnpkg.com/@quansync/fs/-/fs-1.0.0.tgz#17131b1f1c261fcfb63893272c488df89c73f48f"
  integrity sha512-4TJ3DFtlf1L5LDMaM6CanJ/0lckGNtJcMjQ1NAV6zDmA0tEHKZtxNKin8EgPaVX1YzljbxckyT2tJrpQKAtngQ==
  dependencies:
    quansync "^1.0.0"

"@rolldown/binding-android-arm-eabi@1.2.7":
  version "1.2.7"
  resolved "https://registry.yarnpkg.com/@rolldown/binding-android-arm-eabi/-/binding-android-arm-eabi-1.2.7.tgz#9a0f9b6752ed522254f3715e81c066e5da6de9a9"
  integrity sha512-EypzgnYCwyVY4NDHKzGmNJT5b+XaQEBniHxsMdeIQLB/tcCzZnhqrzHpZFbX9iaxx+5RiB8caATBtfvZP7zVxQ==

"@rolldown/binding-android-arm64@1.2.7":
  version "1.2.7"
  resolved "https://registry.yarnpkg.com/@rolldown/binding-android-arm64/-/binding-android-arm64-1.2.7.tgz#bbc5a5e39deaa1cca5658d073b8c74b9cee329e8"
  integrity sha512-l17HE9EweWaqJZhuUuNBN/FzM62xw+DECVnJyvMsxn8vJFAGLy5QfLDoYAcronkAN8VxKZHezDpulHDPx95vFw==

"@rolldown/binding-darwin-arm64@1.2.7":
  version "1.2.7"
  resolved "https://registry.yarnpkg.com/@rolldown/binding-darwin-arm64/-/binding-darwin-arm64-1.2.7.tgz#ff3858531df2592011c5ea19e7babadf22a036fa"
  integrity sha512-8ED8ELFvHXc6OCETIn4gXObPiaR6bckM/ipXtbzlPVDRMBfEGjCKgO90F9YtfdpDatVx/ZQw7aZ1vUMf/+T3Mw==

"@rolldown/binding-darwin-x64@1.2.7":
  version "1.2.7"
  resolved "https://registry.yarnpkg.com/@rolldown/binding-darwin-x64/-/binding-darwin-x64-1.2.7.tgz#7be480c60dfa230486e84ec43184803f7e172bae"
  integrity sha512-/WPripjtiAIZ2tWY7ddijORT0Ujg87wxWW/qcoFVCKAWVDPhtY0xr7Dj0M3GyNGz60jGwTElhro/mkF9dT7dDQ==

"@rolldown/binding-freebsd-x64@1.2.7":
  version "1.2.7"
  resolved "https://registry.yarnpkg.com/@rolldown/binding-freebsd-x64/-/binding-freebsd-x64-1.2.7.tgz#533b1b58623c6531baf78c3a911aed586c92fbcd"
  integrity sha512-14DI4NcqpvbICxSnGLx3PmtDaWqRP/KGSGb6C+JLLVPeZRl6dKdHba3pGsqT3vpdTqhEYIPG0MMQ8c0xYqoJxA==

"@rolldown/binding-linux-arm-gnueabihf@1.2.7":
  version "1.2.7"
  resolved "https://registry.yarnpkg.com/@rolldown/binding-linux-arm-gnueabihf/-/binding-linux-arm-gnueabihf-1.2.7.tgz#24806b5ca49eced31d8a8c98bfd7875942f08fc4"
  integrity sha512-bxrWIRvHWQvbJwi+VIie/kDJmQxcNE6xxWwZdqF/ExVAigtHkv54WTLQPb+QsZdnFy18fg7JPfWGL0RH6vwIlQ==

"@rolldown/binding-linux-arm64-gnu@1.2.7":
  version "1.2.7"
  resolved "https://registry.yarnpkg.com/@rolldown/binding-linux-arm64-gnu/-/binding-linux-arm64-gnu-1.2.7.tgz#7e73c4251887102a465f7940bb40cdb6c8f2315c"
  integrity sha512-toOY2BChBZyuxU7OYX6Tn389di4IzAqPTycVcci0O7FSfBqzRB3RZn+K5Is6ANf4tmgRd/K1yZTsNTXbkXsnLg==

"@rolldown/binding-linux-arm64-musl@1.2.7":
  version "1.2.7"
  resolved "https://registry.yarnpkg.com/@rolldown/binding-linux-arm64-musl/-/binding-linux-arm64-musl-1.2.7.tgz#f72f2ca9947916ae68fd790b36db1776c61b9c5d"
  integrity sha512-lAIXTH/aiLRLxsTgQvfhjo4K1ydWIp00+V0voOr9beb/9ZmkUFrSIb03dXNFRgMNvkE6oGsF10ioQ6UsI+vS5Q==

"@rolldown/binding-linux-ppc64-gnu@1.2.7":
  version "1.2.7"
  resolved "https://registry.yarnpkg.com/@rolldown/binding-linux-ppc64-gnu/-/binding-linux-ppc64-gnu-1.2.7.tgz#2a6bc86254e9f400476af7d4971b8cbc532bed1d"
  integrity sha512-kdnwS28Pkenp/mZMRwjXXXwxQ7pIsm+bF919LUK93BOyhcLsrVKdP2p9fxpiPNPAbNuch8ypQt0pm2P2LYCAGg==

"@rolldown/binding-linux-s390x-gnu@1.2.7":
  version "1.2.7"
  resolved "https://registry.yarnpkg.com/@rolldown/binding-linux-s390x-gnu/-/binding-linux-s390x-gnu-1.2.7.tgz#07888b936afa9336fdeacbbb2bfbf148e30f64ef"
  integrity sha512-516OdsyLdr5E65paF3yBF55t8mfm9+gmtCsK3xI7XKXIT7EfRlHhxL8K/NR6Hu8BWSgF5+1w74lTL0+nxcc8Qw==

"@rolldown/binding-linux-x64-gnu@1.2.7":
  version "1.2.7"
  resolved "https://registry.yarnpkg.com/@rolldown/binding-linux-x64-gnu/-/binding-linux-x64-gnu-1.2.7.tgz#c6a3811c9a09323f5ebd2d4fbb79465098e18459"
  integrity sha512-r8/z8n7GFaYRln3xmP1Cxy0HH/HLM0uBUPkEuSVEfKGDA89M0FsZRZJRSwe/tJjRx+fpH/gjorfhB8tmEbSFLA==

"@rolldown/binding-linux-x64-musl@1.2.7":
  version "1.2.7"
  resolved "https://registry.yarnpkg.com/@rolldown/binding-linux-x64-musl/-/binding-linux-x64-musl-1.2.7.tgz#ef16286f9d2c091263e65142d1f6204ab6fc4a3a"
  integrity sha512-pAsE8iiDxUg1xBqdhrTfg45AVDVpirjz00sblEYClGNNcMnDb+e8beQgqIAw6LvauX/APvgxUnwrgun/YYGBhw==

"@rolldown/binding-openharmony-arm64@1.2.7":
  version "1.2.7"
  resolved "https://registry.yarnpkg.com/@rolldown/binding-openharmony-arm64/-/binding-openharmony-arm64-1.2.7.tgz#e85c1f6cfed01fbf9e3b16c5159e32548b59a96d"
  integrity sha512-lTcIYmmnQQA8Or/2DatS6oSqcdLHvendjS+zLu+FwgToynWMRSmQdpM65fTANJgIS4mjbMOo5KT2lnT9SAb96w==

"@rolldown/binding-win32-arm64-msvc@1.2.7":
  version "1.2.7"
  resolved "https://registry.yarnpkg.com/@rolldown/binding-win32-arm64-msvc/-/binding-win32-arm64-msvc-1.2.7.tgz#833546f8b04904d1453ebdaf81ef8671f95ac926"
  integrity sha512-e3Gu3WxbNk/UqQhxqU7YIYO+9ZBvWNz3U+h/qRFosscMFzdRPbXYSaSWgSnklv2fz1TgzBTcti2z35c/7irsHw==

"@rolldown/binding-win32-x64-msvc@1.2.7":
  version "1.2.7"
  resolved "https://registry.yarnpkg.com/@rolldown/binding-win32-x64-msvc/-/binding-win32-x64-msvc-1.2.7.tgz#96186105008c63fd52b2ca9ed5ef5e74faf5907f"
  integrity sha512-W/jg5qoRSqjsEv0+dZi4e687mcHqmVuU0P4fK6qS/xjetW2Gmc1W8j//z5nAeNcC8Ttm0hV46IjcYeuVwYhuiw==

"@rolldown/pluginutils@^1.0.0":
  version "1.0.1"
  resolved "https://registry.yarnpkg.com/@rolldown/pluginutils/-/pluginutils-1.0.1.tgz#e3fcee093fbb5ce765e1ad088ff4de2889f6f9be"
  integrity sha512-2j9bGt5Jh8hj+vPtgzPtl72j0yRxHAyumoo6TNfAjsLB04UtpSvPbPcDcBMxz7n+9CYB0c1GxQFxYRg2jimqGw==

"@types/chai@^5.2.2":
  version "5.2.3"
  resolved "https://registry.yarnpkg.com/@types/chai/-/chai-5.2.3.tgz#8e9cd9e1c3581fa6b341a5aed5588eb285be0b4a"
  integrity sha512-Mw558oeA9fFbv65/y4mHtXDs9bPnFMZAL/jxdPFUpOHHIXX91mcgEHbS5Lahr+pwZFR8A7GQleRWeI6cGFC2UA==
  dependencies:
    "@types/deep-eql" "*"
    assertion-error "^2.0.1"

"@types/deep-eql@*":
  version "4.0.2"
  resolved "https://registry.yarnpkg.com/@types/deep-eql/-/deep-eql-4.0.2.tgz#334311971d3a07121e7eb91b684a605e7eea9cbd"
  integrity sha512-c9h9dVVMigMPc4bwTvC5dxqtqJZwQPePsWjPlpSOnojbor6pGqdk541lfA7AqFQr5pB1BRdq0juY9db81BwyFw==

"@types/estree@^1.0.0":
  version "1.0.9"
  resolved "https://registry.yarnpkg.com/@types/estree/-/estree-1.0.9.tgz#cf3f0e876d7bee15a93ab925b82bf570a3904a24"
  integrity sha512-GhdPgy1el4/ImP05X05Uw4cw2/M93BCUmnEvWZNStlCzEKME4Fkk+YpoA5OiHNQmoS7Cafb8Xa3Pya8m1Qrzeg==

"@vitest/mocker@5.0.0":
  version "5.0.0"
  resolved "https://registry.yarnpkg.com/@vitest/mocker/-/mocker-5.0.0.tgz#06455717273dc13b92ad4eca64e4e501d76f533d"
  integrity sha512-66PGTMIiVJP3t4a5yxU9qPtf7MdTBs8jmToMvy+HVflB3Yy13WJZTtPePdvU+wjRV02SKK5doLbSA6o9pwOmiA==
  dependencies:
    "@jridgewell/trace-mapping" "0.3.31"
    "@vitest/spy" "5.0.0"
    estree-walker "^3.0.3"
    magic-string "^1.2.3"

"@vitest/spy@5.0.0":
  version "5.0.0"
  resolved "https://registry.yarnpkg.com/@vitest/spy/-/spy-5.0.0.tgz#4ca353a880fcabae3eabf558126ae8f5542ccbfd"
  integrity sha512-uy+luWBAPw9XfthoHi5AkfHUnuPYEESjl0p/r+meoBnU8bxg5GDQ3Ey8MjcJ6sqahkL4PFyrvfMJJBw7LbU06g==

"@yuku-codegen/binding-android-arm64@0.9.4":
  version "0.9.4"
  resolved "https://registry.yarnpkg.com/@yuku-codegen/binding-android-arm64/-/binding-android-arm64-0.9.4.tgz#723f19297eff18c4020bc8be17218318129e630d"
  integrity sha512-6ViGFAr+N2Yjnc8wBx16wJZGB0pGmClILO+FUC3kzwEydfjXQovWEdcFyl98RVtWdj9ahS41XXe2zKFl+L3uWg==

"@yuku-codegen/binding-darwin-arm64@0.9.4":
  version "0.9.4"
  resolved "https://registry.yarnpkg.com/@yuku-codegen/binding-darwin-arm64/-/binding-darwin-arm64-0.9.4.tgz#9f31cda02a18c8b49955c26e50e653584ef2dcf4"
  integrity sha512-0BTB70ha+wRsz6fI5HosevJpMmvgndmf+6ND1OneFKCrWhNzX/2xIQ36Z8rUgv5bpnWjKl6bRvzSFV3PU+WOlQ==

"@yuku-codegen/binding-darwin-x64@0.9.4":
  version "0.9.4"
  resolved "https://registry.yarnpkg.com/@yuku-codegen/binding-darwin-x64/-/binding-darwin-x64-0.9.4.tgz#c8f0e16baf4bbdbbd772919e0e2ea4f36305663d"
  integrity sha512-9QVVqq8LCD6v+Gl099u32YJ0999HBCoe09ecIeifKTi4Y1azX44DkF9q9pP2lxgwRUvR3GmWl5k1pLe3ojR2rg==

"@yuku-codegen/binding-freebsd-x64@0.9.4":
  version "0.9.4"
  resolved "https://registry.yarnpkg.com/@yuku-codegen/binding-freebsd-x64/-/binding-freebsd-x64-0.9.4.tgz#ce7b6c2b1c71612e9e625ec18f3f311af4b071b1"
  integrity sha512-Qm3ky33Em9w1XVSryq+D/arLVapeqp0Bu1719UGV6olmfp4kTD+NfsLG9bRx5hOJSu1Zl3r9LbyTP1oTmcHAsg==

"@yuku-codegen/binding-linux-arm-gnu@0.9.4":
  version "0.9.4"
  resolved "https://registry.yarnpkg.com/@yuku-codegen/binding-linux-arm-gnu/-/binding-linux-arm-gnu-0.9.4.tgz#bf66dcfe4e3566a208f8a0200873a1fc7e811ec3"
  integrity sha512-euKmS7pnkeJylEN6+9bfu0jHtGfbQRfFBIpmTe8YVnWzQ5Rjyrns13+1kao2RSS9DNkucX1RXIdiTvQoDUXF0w==

"@yuku-codegen/binding-linux-arm-musl@0.9.4":
  version "0.9.4"
  resolved "https://registry.yarnpkg.com/@yuku-codegen/binding-linux-arm-musl/-/binding-linux-arm-musl-0.9.4.tgz#9e9a10dbbb0bf99ec7adb4aafca9b2c5f0cf1f64"
  integrity sha512-7JTizi2O+ks9/dLPDLYmVLsYQUC9Fxu0e6LNA+F6FFQ/sV2o7owBb1eTccMKkgauWGGUpJYQvlXrCKpGwguvhA==

"@yuku-codegen/binding-linux-arm64-gnu@0.9.4":
  version "0.9.4"
  resolved "https://registry.yarnpkg.com/@yuku-codegen/binding-linux-arm64-gnu/-/binding-linux-arm64-gnu-0.9.4.tgz#cb58e09e4774abba315fa3ace9f2febc3bcbb2f5"
  integrity sha512-f7eLYDwmcz56Jzvp8UmXUehFzTAn6hEHt64GDWNWGSqrphHRvWLEshQ+sQv8DfNpkXFaOQ49erl4gb2Wm0JM+A==

"@yuku-codegen/binding-linux-arm64-musl@0.9.4":
  version "0.9.4"
  resolved "https://registry.yarnpkg.com/@yuku-codegen/binding-linux-arm64-musl/-/binding-linux-arm64-musl-0.9.4.tgz#6633b77eae09b63bfd847770ef8fb8c0201ec290"
  integrity sha512-bLdjCgo+u3dU3HH/t+WZ8FsAo2IgdOzruTHZ+XTFquj6j//QJjH9xfyRtu7h65lCT3CQVW9aGEe6/A/HPyA9KQ==

"@yuku-codegen/binding-linux-x64-gnu@0.9.4":
  version "0.9.4"
  resolved "https://registry.yarnpkg.com/@yuku-codegen/binding-linux-x64-gnu/-/binding-linux-x64-gnu-0.9.4.tgz#f5fc8fe215cf7b51fd838bbe78cb1e50cfe5927d"
  integrity sha512-hDMB71QCDx2AAxhlCBgakngMAa4KK6f6rcTt9v8nrzoXs681cmZultGeZk0tjONxli+N+VMhXQUoiVCSJuKiQg==

"@yuku-codegen/binding-linux-x64-musl@0.9.4":
  version "0.9.4"
  resolved "https://registry.yarnpkg.com/@yuku-codegen/binding-linux-x64-musl/-/binding-linux-x64-musl-0.9.4.tgz#027529aaddd401fb4af97496044b4be9d6507874"
  integrity sha512-uk1hOZA79AqziAH9A/eSD05VchNRdnLb6zxFGHhCbLYeeGYL+KOEL0+kCIPtaKuQ7wdxDOooiKE1D0jpaWQ0aA==

"@yuku-codegen/binding-win32-arm64@0.9.4":
  version "0.9.4"
  resolved "https://registry.yarnpkg.com/@yuku-codegen/binding-win32-arm64/-/binding-win32-arm64-0.9.4.tgz#d94e35989727c79d2865cbb52407e9d021771810"
  integrity sha512-IbZuNVrctjts5lAKUEd9ppnzvylaPdYBTv8AVDtY6EyQ5hpgUfsReqbqODJVGpn2/uIk1fa1jWP012orPoiK+A==

"@yuku-codegen/binding-win32-x64@0.9.4":
  version "0.9.4"
  resolved "https://registry.yarnpkg.com/@yuku-codegen/binding-win32-x64/-/binding-win32-x64-0.9.4.tgz#af8ae68de20e809b912bbeb6757fa50f07e6423a"
  integrity sha512-UqC4C0PlVAPEQ8fYr0AamuW2zKAkqQFiaaQ88Rl3YlzSNlshj+VmDoSbJRw4TFYL22+Vw53zDSJ95aXyjJN/aw==

"@yuku-parser/binding-android-arm64@0.9.4":
  version "0.9.4"
  resolved "https://registry.yarnpkg.com/@yuku-parser/binding-android-arm64/-/binding-android-arm64-0.9.4.tgz#af8342a6690e8a9db3b2000de4fd49881e7343d4"
  integrity sha512-x+dZef5ulszaYzgjHLUgnhDXAgJsGfodl30JuTinfLN5mEyB50burpUuyUqufGQp0fpI/sHLAN3V8fuJteFEQQ==

"@yuku-parser/binding-darwin-arm64@0.9.4":
  version "0.9.4"
  resolved "https://registry.yarnpkg.com/@yuku-parser/binding-darwin-arm64/-/binding-darwin-arm64-0.9.4.tgz#a3e1e37732ca502d321b3603b9151c674ba918df"
  integrity sha512-bSpjVPP8zTTcMZi78gxPkZZhVNbg4Doqsb2CrxHR2g+vZxP7Ey4GVzgD5nVYSHgS1y8dGULGW8AhPrfRWFEF6w==

"@yuku-parser/binding-darwin-x64@0.9.4":
  version "0.9.4"
  resolved "https://registry.yarnpkg.com/@yuku-parser/binding-darwin-x64/-/binding-darwin-x64-0.9.4.tgz#ddd2344577b27044aeb5cca25d2bf13ca664f7b8"
  integrity sha512-QNswJLBxsoDkghztrF0bUy+DEUoeX1lS4cL3dCM1IB4hfLoZ3Jf3jmCoggDnqN++sJ91F6w8oHiyQ4ZhUEr/bg==

"@yuku-parser/binding-freebsd-x64@0.9.4":
  version "0.9.4"
  resolved "https://registry.yarnpkg.com/@yuku-parser/binding-freebsd-x64/-/binding-freebsd-x64-0.9.4.tgz#e9554bad30515a385d33e0f72e5b5538debc9117"
  integrity sha512-D4rmGI0EOwxmKsv3+iGQDmtJ9/Oqr9wPxsQpONZ+QmxHqNbl+08XaJkhuC5wAg17bj6afcpdQfiIAoSMBY17Rw==

"@yuku-parser/binding-linux-arm-gnu@0.9.4":
  version "0.9.4"
  resolved "https://registry.yarnpkg.com/@yuku-parser/binding-linux-arm-gnu/-/binding-linux-arm-gnu-0.9.4.tgz#447662159ff856cc541da9cc2429f24ae841cf02"
  integrity sha512-rZuqBxlaRnNY57nawRP1LPx4i+ieCrvIQkBsbGu/xjWkZGzFCrHPliy5YiMxp3Mw4v5KftAlDJx7c9jApNk2ww==

"@yuku-parser/binding-linux-arm-musl@0.9.4":
  version "0.9.4"
  resolved "https://registry.yarnpkg.com/@yuku-parser/binding-linux-arm-musl/-/binding-linux-arm-musl-0.9.4.tgz#99b739a32e5635e72e90b36692804d500a7466bc"
  integrity sha512-0PRDvRZvh18Q1lADxs0RMtqYHTd3dD/o1WEnMO/K8o7V9Gmy/7nD3/HjGQCxFPxkHTp41toF+DsXgEandAc2Gw==

"@yuku-parser/binding-linux-arm64-gnu@0.9.4":
  version "0.9.4"
  resolved "https://registry.yarnpkg.com/@yuku-parser/binding-linux-arm64-gnu/-/binding-linux-arm64-gnu-0.9.4.tgz#6a7b15465ae7c9fe5b619221417fdee159d19e96"
  integrity sha512-CT1I24KFA/Tv/Exi1f+CVxafUIjlKm3gc51HbWLW7yf7OvJKCvKSja+EB17sDtYsS5a2EB9BTr8I5fPuDJ8rFA==

"@yuku-parser/binding-linux-arm64-musl@0.9.4":
  version "0.9.4"
  resolved "https://registry.yarnpkg.com/@yuku-parser/binding-linux-arm64-musl/-/binding-linux-arm64-musl-0.9.4.tgz#8cba39cafcfc63cc70f8d78f0975f13f3427e671"
  integrity sha512-DP193Z3nUXQ92AwmmkIAhVLxv2qj8rWAAAODownCwUk0wKrmnyH9km9Gd4NSmntBYG/Kv0P5btN6qcO1JXgEdw==

"@yuku-parser/binding-linux-x64-gnu@0.9.4":
  version "0.9.4"
  resolved "https://registry.yarnpkg.com/@yuku-parser/binding-linux-x64-gnu/-/binding-linux-x64-gnu-0.9.4.tgz#9c4ec2a105b1b42035d8ae575b7f828485dd3677"
  integrity sha512-tjoxmuNz+xmSt/Or+US5aaKpRZcptQsWYaPtDp1/0QUvhyg8VS6mOrizKkzVBJKYVNZ7eDTleOBquYVm+Haz6w==

"@yuku-parser/binding-linux-x64-musl@0.9.4":
  version "0.9.4"
  resolved "https://registry.yarnpkg.com/@yuku-parser/binding-linux-x64-musl/-/binding-linux-x64-musl-0.9.4.tgz#ca5b1355d0e15fed6f0c254dc49528162c373214"
  integrity sha512-kHXf72EM6oHN58Swwruf9plXlCVY4mOlgqIjpXenEAY87cVcH3VxMZdCQG7rIKa+k0Hf3E/WS/8ufqZSCER7Gw==

"@yuku-parser/binding-win32-arm64@0.9.4":
  version "0.9.4"
  resolved "https://registry.yarnpkg.com/@yuku-parser/binding-win32-arm64/-/binding-win32-arm64-0.9.4.tgz#3e636ebe59c7a1e784ccd65352090ab74b9538fa"
  integrity sha512-Yj6+bbGDZrLbzp1Qr7hiaIjYagslUrRy6t3TIxfiXUeJWNH8ydx7birM0UJiIInqUld0mk9qBz1kei/T8gcKvw==

"@yuku-parser/binding-win32-x64@0.9.4":
  version "0.9.4"
  resolved "https://registry.yarnpkg.com/@yuku-parser/binding-win32-x64/-/binding-win32-x64-0.9.4.tgz#b2175b67eca5be9a90f2704273914c35a6b19f57"
  integrity sha512-B9D+Z1/jVfoEd1SgbuaYTPH6onVlSsSaK151mW8Rb6Yv+OrTOocNnv2w3peBicS6MB3VI+mJG8YqxRI4ONd1OQ==

"@yuku-toolchain/types@^0.9.4":
  version "0.9.4"
  resolved "https://registry.yarnpkg.com/@yuku-toolchain/types/-/types-0.9.4.tgz#065119f58d099d06981a0d3b4af654f9965a3d45"
  integrity sha512-dqnMswJWE7YBbPEvGstgFlWFTRn20V/Hu82XTDjWxzaU18rGpxBqxhKlBlgyWrPARRvNLIqY2XA6S9edR+2AsA==

assertion-error@^2.0.1:
  version "2.0.1"
  resolved "https://registry.yarnpkg.com/assertion-error/-/assertion-error-2.0.1.tgz#f641a196b335690b1070bf00b6e7593fec190bf7"
  integrity sha512-Izi8RQcffqCeNVgFigKli1ssklIbpHnCYc6AknXGYoB6grJqyeby7jv12JUQgmTAnIDnbck1uxksT4dzN3PWBA==

bidi-js@^1.0.3:
  version "1.0.3"
  resolved "https://registry.yarnpkg.com/bidi-js/-/bidi-js-1.0.3.tgz#6f8bcf3c877c4d9220ddf49b9bb6930c88f877d2"
  integrity sha512-RKshQI1R3YQ+n9YJz2QQ147P66ELpa1FQEg20Dk8oW9t2KgLbpDLLp9aGZ7y8WHSshDknG0bknqGw5/tyCs5tw==
  dependencies:
    require-from-string "^2.0.2"

cac@^7.0.0:
  version "7.0.0"
  resolved "https://registry.yarnpkg.com/cac/-/cac-7.0.0.tgz#7dda83da2268f75f840ab89ac3bcc36c120a78da"
  integrity sha512-tixWYgm5ZoOD+3g6UTea91eow5z6AAHaho3g0V9CNSNb45gM8SmflpAc+GRd1InC4AqN/07Unrgp56Y94N9hJQ==

chai@^6.2.2:
  version "6.2.2"
  resolved "https://registry.yarnpkg.com/chai/-/chai-6.2.2.tgz#ae41b52c9aca87734505362717f3255facda360e"
  integrity sha512-NUPRluOfOiTKBKvWPtSD4PhFvWCqOi0BGStNWs57X9js7XGTprSmFoz5F0tWhR4WPjNeR9jXqdC7/UpSJTnlRg==

css-tree@^3.0.0, css-tree@^3.2.1:
  version "3.2.1"
  resolved "https://registry.yarnpkg.com/css-tree/-/css-tree-3.2.1.tgz#86cac7011561272b30e6b1e042ba6ce047aa7518"
  integrity sha512-X7sjQzceUhu1u7Y/ylrRZFU2FS6LRiFVp6rKLPg23y3x3c3DOKAwuXGDp+PAGjh6CSnCjYeAul8pcT8bAl+lSA==
  dependencies:
    mdn-data "2.27.1"
    source-map-js "^1.2.1"

data-urls@^7.0.0:
  version "7.0.0"
  resolved "https://registry.yarnpkg.com/data-urls/-/data-urls-7.0.0.tgz#6dce8b63226a1ecfdd907ce18a8ccfb1eee506d3"
  integrity sha512-23XHcCF+coGYevirZceTVD7NdJOqVn+49IHyxgszm+JIiHLoB2TkmPtsYkNWT1pvRSGkc35L6NHs0yHkN2SumA==
  dependencies:
    whatwg-mimetype "^5.0.0"
    whatwg-url "^16.0.0"

decimal.js@^10.6.0:
  version "10.6.0"
  resolved "https://registry.yarnpkg.com/decimal.js/-/decimal.js-10.6.0.tgz#e649a43e3ab953a72192ff5983865e509f37ed9a"
  integrity sha512-YpgQiITW3JXGntzdUmyUR1V812Hn8T1YVXhCu+wO3OpS4eU9l4YdD3qjyiKdV6mvV29zapkMeD390UVEf2lkUg==

defu@^6.1.7:
  version "6.1.7"
  resolved "https://registry.yarnpkg.com/defu/-/defu-6.1.7.tgz#72543567c8e9f97ff13ce402b6dbe09ac5ae4d23"
  integrity sha512-7z22QmUWiQ/2d0KkdYmANbRUVABpZ9SNYyH5vx6PZ+nE5bcC0l7uFvEfHlyld/HcGBFTL536ClDt3DEcSlEJAQ==

dts-resolver@^3.0.0:
  version "3.0.0"
  resolved "https://registry.yarnpkg.com/dts-resolver/-/dts-resolver-3.0.0.tgz#5b8787569f3ca7727b6989c884d6b3615787a61e"
  integrity sha512-1T1f+z+4tl9XD+m+0HBgWoL/nm0bOIffyWaUuUSBlFg/86IWvfx+wjNaO/ybU0AJzG9/Mi5hBUgGV6zCmWEN7Q==

empathic@^2.0.1:
  version "2.0.1"
  resolved "https://registry.yarnpkg.com/empathic/-/empathic-2.0.1.tgz#37b1bede31093e04a03d2abce95ea323fee8ef49"
  integrity sha512-YGRs8knHhKHVShLkFET/rWAU8kmHbOV5LwN938RHI0pljAJ1Gf6SzXsSmRaEzcXTtOOmVqJ5+WtQPL5uigY50Q==

entities@^8.0.0:
  version "8.0.0"
  resolved "https://registry.yarnpkg.com/entities/-/entities-8.0.0.tgz#c1df5fe3602429747fa233d0dd26f142f0ce4743"
  integrity sha512-zwfzJecQ/Uej6tusMqwAqU/6KL2XaB2VZ2Jg54Je6ahNBGNH6Ek6g3jjNCF0fG9EWQKGZNddNjU5F1ZQn/sBnA==

es-module-lexer@^2.3.2:
  version "2.3.2"
  resolved "https://registry.yarnpkg.com/es-module-lexer/-/es-module-lexer-2.3.2.tgz#311fa4f40168c1975c505477c51b23234d41ad55"
  integrity sha512-poHGpORABojJJucnV9KbOavETW8lBVnphkW77ER5/BQ5Fz7oXSoCNek7IH3vR5nRjdsEz926ibFYX8KtLQmdyw==

estree-walker@^3.0.3:
  version "3.0.3"
  resolved "https://registry.yarnpkg.com/estree-walker/-/estree-walker-3.0.3.tgz#67c3e549ec402a487b4fc193d1953a524752340d"
  integrity sha512-7RUKfXgSMMkzt6ZuXmqapOurLGPPfgj6l9uRZ7lRGolvk0y2yocc35LdcxKC5PQZdn2DMqioAQ2NoWcrTKmm6g==
  dependencies:
    "@types/estree" "^1.0.0"

expect-type@^1.4.0:
  version "1.4.0"
  resolved "https://registry.yarnpkg.com/expect-type/-/expect-type-1.4.0.tgz#24edf7f0cc69a44d008567ba4594ab96f3c3a3d6"
  integrity sha512-KfYbmpRm0VbLjEvVa9yGwCi9GI34xvi7A/HXYWQO65CSD2u3MczUJSuwXKFIxlGsgBQizV9q5J9NHj4VG0n+pA==

fdir@^6.5.0:
  version "6.5.0"
  resolved "https://registry.yarnpkg.com/fdir/-/fdir-6.5.0.tgz#ed2ab967a331ade62f18d077dae192684d50d350"
  integrity sha512-tIbYtZbucOs0BRGqPJkshJUYdL+SDH7dVM8gjy+ERp3WAUjLEFJE+02kanyHtwjWOnwrKYBiwAmM0p4kLJAnXg==

get-tsconfig@5.0.0-beta.6:
  version "5.0.0-beta.6"
  resolved "https://registry.yarnpkg.com/get-tsconfig/-/get-tsconfig-5.0.0-beta.6.tgz#ea0fdff72ec952d15a34ef89ae4946b0921c8a15"
  integrity sha512-X6fBC0pmImC70gvX2zm56go9hx0MyoGVdG0tUCkg/D+Xnh5TJsOZ7iDbOdI3PvmtrDxnu1YdDufpK2QJX1Meqw==
  dependencies:
    resolve-pkg-maps "^1.0.0"

hookable@^6.1.1:
  version "6.1.1"
  resolved "https://registry.yarnpkg.com/hookable/-/hookable-6.1.1.tgz#825f966b4b426db2e622d94d7a31a70f196f9d2f"
  integrity sha512-U9LYDy1CwhMCnprUfeAZWZGByVbhd54hwepegYTK7Pi5NvqEj63ifz5z+xukznehT7i6NIZRu89Ay1AZmRsLEQ==

html-encoding-sniffer@^6.0.0:
  version "6.0.0"
  resolved "https://registry.yarnpkg.com/html-encoding-sniffer/-/html-encoding-sniffer-6.0.0.tgz#f8d9390b3b348b50d4f61c16dd2ef5c05980a882"
  integrity sha512-CV9TW3Y3f8/wT0BRFc1/KAVQ3TUHiXmaAb6VW9vtiMFf7SLoMd1PdAc4W3KFOFETBJUb90KatHqlsZMWV+R9Gg==
  dependencies:
    "@exodus/bytes" "^1.6.0"

import-without-cache@^0.4.0:
  version "0.4.0"
  resolved "https://registry.yarnpkg.com/import-without-cache/-/import-without-cache-0.4.0.tgz#5b14717a42ba09d9b29e34b49f0e2cff1b6046cb"
  integrity sha512-NkJQA7oZ4YHQhd2+H3BoRFKF3d/XNsiKpHZCQEMH9pDX27hQQLsTyOocyRgaIVtf8gHX3Nt3LPkR4e5EdtPAGQ==

is-potential-custom-element-name@^1.0.1:
  version "1.0.1"
  resolved "https://registry.yarnpkg.com/is-potential-custom-element-name/-/is-potential-custom-element-name-1.0.1.tgz#171ed6f19e3ac554394edf78caa05784a45bebb5"
  integrity sha512-bCYeRA2rVibKZd+s2625gGnGF/t7DSqDs4dP7CrLA1m7jKWz6pps0LpYLJN8Q64HtmPKJ1hrN3nzPNKFEKOUiQ==

jsdom@^29.0.0:
  version "29.1.1"
  resolved "https://registry.yarnpkg.com/jsdom/-/jsdom-29.1.1.tgz#5b9704906f3cd510c34aa941ae2f8f7f8179df01"
  integrity sha512-ECi4Fi2f7BdJtUKTflYRTiaMxIB0O6zfR1fX0GXpUrf6flp8QIYn1UT20YQqdSOfk2dfkCwS8LAFoJDEppNK5Q==
  dependencies:
    "@asamuzakjp/css-color" "^5.1.11"
    "@asamuzakjp/dom-selector" "^7.1.1"
    "@bramus/specificity" "^2.4.2"
    "@csstools/css-syntax-patches-for-csstree" "^1.1.3"
    "@exodus/bytes" "^1.15.0"
    css-tree "^3.2.1"
    data-urls "^7.0.0"
    decimal.js "^10.6.0"
    html-encoding-sniffer "^6.0.0"
    is-potential-custom-element-name "^1.0.1"
    lru-cache "^11.3.5"
    parse5 "^8.0.1"
    saxes "^6.0.0"
    symbol-tree "^3.2.4"
    tough-cookie "^6.0.1"
    undici "^7.25.0"
    w3c-xmlserializer "^5.0.0"
    webidl-conversions "^8.0.1"
    whatwg-mimetype "^5.0.0"
    whatwg-url "^16.0.1"
    xml-name-validator "^5.0.0"

lru-cache@^11.3.5:
  version "11.5.1"
  resolved "https://registry.yarnpkg.com/lru-cache/-/lru-cache-11.5.1.tgz#f3daa3540847b9737ebc02499ddb36765e54db4a"
  integrity sha512-RPimw/7aMdv2oqRrxKwvZXcPfwBrn/JZ2xYcY9Hus/6LaS3VOAKVWKWgNLCFSiOm1ESXinjsDlidVU7JlnCN2A==

magic-string@^1.2.3:
  version "1.3.1"
  resolved "https://registry.yarnpkg.com/magic-string/-/magic-string-1.3.1.tgz#47ce661c2d5ce577a64c9bd6204828b435ecc822"
  integrity sha512-rm91zr2Ou+XueDTohjQQjdQEcYM6zVi8KVUCG8Ec3vHwUEKrhSdCNyfuIywkA6hcCAteIn0ZOtAHA6eGpiX+Pg==
  dependencies:
    "@jridgewell/sourcemap-codec" "^1.6.0"

mdn-data@2.27.1:
  version "2.27.1"
  resolved "https://registry.yarnpkg.com/mdn-data/-/mdn-data-2.27.1.tgz#e37b9c50880b75366c4d40ac63d9bbcacdb61f0e"
  integrity sha512-9Yubnt3e8A0OKwxYSXyhLymGW4sCufcLG6VdiDdUGVkPhpqLxlvP5vl1983gQjJl3tqbrM731mjaZaP68AgosQ==

obug@^2.1.4:
  version "2.1.4"
  resolved "https://registry.yarnpkg.com/obug/-/obug-2.1.4.tgz#9090d8a548a522517915d2aa6aae907197ac6cf8"
  integrity sha512-4a+OsYv9UktOJKE+l1A4OufDgdRF9PifWj+tJnHURo/P+WOxpG4GzUFL9qCalmWauao6ogiG+QvnCovwPoyAWA==

parse5@^8.0.1:
  version "8.0.1"
  resolved "https://registry.yarnpkg.com/parse5/-/parse5-8.0.1.tgz#f43bcd2cd683efe084075333e9ce0da7d06da31e"
  integrity sha512-z1e/HMG90obSGeidlli3hj7cbocou0/wa5HacvI3ASx34PecNjNQeaHNo5WIZpWofN9kgkqV1q5YvXe3F0FoPw==
  dependencies:
    entities "^8.0.0"

picomatch@^4.0.4:
  version "4.0.5"
  resolved "https://registry.yarnpkg.com/picomatch/-/picomatch-4.0.5.tgz#51ea57a17d86f605f81039595fbc40ed06a55fab"
  integrity sha512-RvwwcruNjI1ncT5xRakeyS9Lf8lcItv34KD+aif+VH9kduAyfYBipGh12274xtenIPZ119/R9BdTBa8gAwSh0A==

picomatch@^4.0.7:
  version "4.0.7"
  resolved "https://registry.yarnpkg.com/picomatch/-/picomatch-4.0.7.tgz#6313360034ccb36b3dc61ecbdff78121f90fe21f"
  integrity sha512-qcJu88Q2IWqJsDD529JKMdwGm/dvInW4HvQnRwiH9JtihJvzGOscDtHE3x1pBKeUOTysQ8kVmLnJ2kJu7yhcGA==

punycode@^2.3.1:
  version "2.3.1"
  resolved "https://registry.yarnpkg.com/punycode/-/punycode-2.3.1.tgz#027422e2faec0b25e1549c3e1bd8309b9133b6e5"
  integrity sha512-vYt7UD1U9Wg6138shLtLOvdAu+8DsC/ilFtEVHcH+wydcSpNE20AfSOduf6MkRFahL5FY7X1oU7nKVZFtfq8Fg==

quansync@^1.0.0:
  version "1.0.0"
  resolved "https://registry.yarnpkg.com/quansync/-/quansync-1.0.0.tgz#1c29acccd544cd68d97a7350c5099e0a9bc7e5ee"
  integrity sha512-5xZacEEufv3HSTPQuchrvV6soaiACMFnq1H8wkVioctoH3TRha9Sz66lOxRwPK/qZj7HPiSveih9yAyh98gvqA==

require-from-string@^2.0.2:
  version "2.0.2"
  resolved "https://registry.yarnpkg.com/require-from-string/-/require-from-string-2.0.2.tgz#89a7fdd938261267318eafe14f9c32e598c36909"
  integrity sha512-Xf0nWe6RseziFMu+Ap9biiUbmplq6S9/p+7w7YXP/JBHhrUDDUhwa+vANyubuqfZWTveU//DYVGsDG7RKL/vEw==

resolve-pkg-maps@^1.0.0:
  version "1.0.0"
  resolved "https://registry.yarnpkg.com/resolve-pkg-maps/-/resolve-pkg-maps-1.0.0.tgz#616b3dc2c57056b5588c31cdf4b3d64db133720f"
  integrity sha512-seS2Tj26TBVOC2NIc2rOe2y2ZO7efxITtLZcGSOnHHNOQ7CkiUBfw0Iw2ck6xkIhPwLhKNLS8BO+hEpngQlqzw==

rolldown-plugin-dts@^0.28.5:
  version "0.28.5"
  resolved "https://registry.yarnpkg.com/rolldown-plugin-dts/-/rolldown-plugin-dts-0.28.5.tgz#30b511b98f22e0f9525c9097d0bfda1fbc86511b"
  integrity sha512-yYd3C9CeJwqjOc9X23m0Tyxcqic491uLZlfg51szT287S8zCCqLR2uoySoElgqy2CLn7PdXcEo1dlkBs4n1WHg==
  dependencies:
    dts-resolver "^3.0.0"
    get-tsconfig "5.0.0-beta.6"
    obug "^2.1.4"
    yuku-ast "^0.9.3"
    yuku-codegen "^0.9.3"
    yuku-parser "^0.9.3"

rolldown@~1.2.7:
  version "1.2.7"
  resolved "https://registry.yarnpkg.com/rolldown/-/rolldown-1.2.7.tgz#bcfc48430431356f95fdf399fa404298e78f4740"
  integrity sha512-g0EtLvBjTUB7jhyV0S/TCup3v/XSVl45vUIGbOGU4QPiyjTenCe4mKuFvW9fEgYmS2Fo42AUssRmNuMziXdrig==
  dependencies:
    "@oxc-project/types" "=0.148.0"
    "@rolldown/pluginutils" "^1.0.0"
  optionalDependencies:
    "@rolldown/binding-android-arm-eabi" "1.2.7"
    "@rolldown/binding-android-arm64" "1.2.7"
    "@rolldown/binding-darwin-arm64" "1.2.7"
    "@rolldown/binding-darwin-x64" "1.2.7"
    "@rolldown/binding-freebsd-x64" "1.2.7"
    "@rolldown/binding-linux-arm-gnueabihf" "1.2.7"
    "@rolldown/binding-linux-arm64-gnu" "1.2.7"
    "@rolldown/binding-linux-arm64-musl" "1.2.7"
    "@rolldown/binding-linux-ppc64-gnu" "1.2.7"
    "@rolldown/binding-linux-s390x-gnu" "1.2.7"
    "@rolldown/binding-linux-x64-gnu" "1.2.7"
    "@rolldown/binding-linux-x64-musl" "1.2.7"
    "@rolldown/binding-openharmony-arm64" "1.2.7"
    "@rolldown/binding-win32-arm64-msvc" "1.2.7"
    "@rolldown/binding-win32-x64-msvc" "1.2.7"

saxes@^6.0.0:
  version "6.0.0"
  resolved "https://registry.yarnpkg.com/saxes/-/saxes-6.0.0.tgz#fe5b4a4768df4f14a201b1ba6a65c1f3d9988cc5"
  integrity sha512-xAg7SOnEhrm5zI3puOOKyy1OMcMlIJZYNJY7xLBwSze0UjhPLnWfj2GF2EpT0jmzaJKIWKHLsaSSajf35bcYnA==
  dependencies:
    xmlchars "^2.2.0"

siginfo@^2.0.0:
  version "2.0.0"
  resolved "https://registry.yarnpkg.com/siginfo/-/siginfo-2.0.0.tgz#32e76c70b79724e3bb567cb9d543eb858ccfaf30"
  integrity sha512-ybx0WO1/8bSBLEWXZvEd7gMW3Sn3JFlW3TvX1nREbDLRNQNaeNN8WK0meBwPdAaOI7TtRRRJn/Es1zhrrCHu7g==

source-map-js@^1.2.1:
  version "1.2.1"
  resolved "https://registry.yarnpkg.com/source-map-js/-/source-map-js-1.2.1.tgz#1ce5650fddd87abc099eda37dcff024c2667ae46"
  integrity sha512-UXWMKhLOwVKb728IUtQPXxfYU+usdybtUrK/8uGE8CQMvrhOpwvzDBwj0QhSL7MQc7vIsISBG8VQ8+IDQxpfQA==

stackback@0.0.2:
  version "0.0.2"
  resolved "https://registry.yarnpkg.com/stackback/-/stackback-0.0.2.tgz#1ac8a0d9483848d1695e418b6d031a3c3ce68e3b"
  integrity sha512-1XMJE5fQo1jGH6Y/7ebnwPOBEkIEnT4QF32d5R1+VXdXveM0IBMJt8zfaxX1P3QhVwrYe+576+jkANtSS2mBbw==

std-env@^4.2.0:
  version "4.2.0"
  resolved "https://registry.yarnpkg.com/std-env/-/std-env-4.2.0.tgz#8ebe0ec60485668ab47227b312f4254cdf80c9d3"
  integrity sha512-oCUKSupKTHX53EyjDtuZQ64pjLJ6yYCtpmEw0goYxtjG9KpbRe8KAsl2tBUGU9DyMcJ0RwJ8GqJAFzMXcXW1Rw==

symbol-tree@^3.2.4:
  version "3.2.4"
  resolved "https://registry.yarnpkg.com/symbol-tree/-/symbol-tree-3.2.4.tgz#430637d248ba77e078883951fb9aa0eed7c63fa2"
  integrity sha512-9QNk5KwDF+Bvz+PyObkmSYjI5ksVUYtjW7AU22r2NKcfLJcXp96hkDWU3+XndOsUb+AQ9QhfzfCT2O+CNWT5Tw==

tinybench@6.1.4:
  version "6.1.4"
  resolved "https://registry.yarnpkg.com/tinybench/-/tinybench-6.1.4.tgz#f855bb3ad1f2fe85cf624490d58bb4f4f5d30da8"
  integrity sha512-9APumHG7r4yOk4X4WlkmE71aZcv1gvin1czO3OQ1U9iJcFA5Ja/ygyb0vPOVHTthFozUYs8CLoLUlM8grb2lTQ==

tinyexec@1.3.0:
  version "1.3.0"
  resolved "https://registry.yarnpkg.com/tinyexec/-/tinyexec-1.3.0.tgz#aacc1dbb1d4e93e6ad8dd64944e09f9ad147a474"
  integrity sha512-QKAl9m8gWWGHV8jZcPeym6j+XULi6tOf1mT83WYJ4Lk2ytW/uwAWkrP0uFsdoYMdueVJ0qs26wZ+23xeB4ibNQ==

tinyexec@^1.3.1:
  version "1.3.1"
  resolved "https://registry.yarnpkg.com/tinyexec/-/tinyexec-1.3.1.tgz#16a2e3c6e23fafce72640e678e651db36145b9c6"
  integrity sha512-GCvB3aoys96IuDFBMcTB46JOR6mdMtAToqwiW8JlWhsoh1mhHi/xn9ss/Dg7N555GiJyEt2qzoG/NHCwM6h1EA==

tinyglobby@^0.2.17:
  version "0.2.17"
  resolved "https://registry.yarnpkg.com/tinyglobby/-/tinyglobby-0.2.17.tgz#562a9a6c9eb2b3b123d39719f9af5bb44fcd7631"
  integrity sha512-wXR/dYpcqKmfWpEdZjiKJOwCNFndD0DMnrW/cYjVGttEkBfVgcLFHoNrlj47mjOVic9yyNu65alsgF4NQyTa2g==
  dependencies:
    fdir "^6.5.0"
    picomatch "^4.0.4"

tldts-core@^7.4.4:
  version "7.4.4"
  resolved "https://registry.yarnpkg.com/tldts-core/-/tldts-core-7.4.4.tgz#a06de228c70a334e26d1597af7a82376e8588bce"
  integrity sha512-vwVLJVvvpslm7vqAH7+XNj/neA/Ynq7DT2EEcMuwc5YzN5XaMyRAqxwU+uX3azZ1FQtB2gvrvnLnAEkvYlVdfg==

tldts@^7.0.5:
  version "7.4.4"
  resolved "https://registry.yarnpkg.com/tldts/-/tldts-7.4.4.tgz#343191348abbff80118732a1a84e90fcf95b29df"
  integrity sha512-kFXFK7O4WPextIUAOk8qtnw9dxR9UIXP9CjuH1cTBVBZMDeQcUPgr/IazGiw1B0Yiw5L75gHLWeW4iD793r90g==
  dependencies:
    tldts-core "^7.4.4"

tough-cookie@^6.0.1:
  version "6.0.1"
  resolved "https://registry.yarnpkg.com/tough-cookie/-/tough-cookie-6.0.1.tgz#a495f833836609ed983c19bc65639cfbceb54c76"
  integrity sha512-LktZQb3IeoUWB9lqR5EWTHgW/VTITCXg4D21M+lvybRVdylLrRMnqaIONLVb5mav8vM19m44HIcGq4qASeu2Qw==
  dependencies:
    tldts "^7.0.5"

tr46@^6.0.0:
  version "6.0.0"
  resolved "https://registry.yarnpkg.com/tr46/-/tr46-6.0.0.tgz#f5a1ae546a0adb32a277a2278d0d17fa2f9093e6"
  integrity sha512-bLVMLPtstlZ4iMQHpFHTR7GAGj2jxi8Dg0s2h2MafAE4uSWF98FC/3MomU51iQAMf8/qDUbKWf5GxuvvVcXEhw==
  dependencies:
    punycode "^2.3.1"

tree-kill@^1.2.2:
  version "1.2.2"
  resolved "https://registry.yarnpkg.com/tree-kill/-/tree-kill-1.2.2.tgz#4ca09a9092c88b73a7cdc5e8a01b507b0790a0cc"
  integrity sha512-L0Orpi8qGpRG//Nd+H90vFB+3iHnue1zSSGmNOOCh1GLJ7rUKVwV2HvijphGQS2UmhUZewS9VgvxYIdgr+fG1A==

tsdown@^0.23.0:
  version "0.23.0"
  resolved "https://registry.yarnpkg.com/tsdown/-/tsdown-0.23.0.tgz#62310aee342daa88ec8367f0f8ac0cab8605f44e"
  integrity sha512-BaT+ep1xnj5hdyICLd5r5SYYE+TXnI1ATePLykv9vcKpHpFTWUWRH+x1AF/E2qcu3YB6+vI8IdyxIIIffEqw5Q==
  dependencies:
    cac "^7.0.0"
    defu "^6.1.7"
    empathic "^2.0.1"
    hookable "^6.1.1"
    import-without-cache "^0.4.0"
    obug "^2.1.4"
    picomatch "^4.0.7"
    rolldown "~1.2.7"
    rolldown-plugin-dts "^0.28.5"
    tinyexec "^1.3.1"
    tinyglobby "^0.2.17"
    tree-kill "^1.2.2"
    unconfig-core "^7.5.0"
    verkit "^0.4.0"

typescript@^6.0.0:
  version "6.0.3"
  resolved "https://registry.yarnpkg.com/typescript/-/typescript-6.0.3.tgz#90251dc007916e972786cb94d74d15b185577d21"
  integrity sha512-y2TvuxSZPDyQakkFRPZHKFm+KKVqIisdg9/CZwm9ftvKXLP8NRWj38/ODjNbr43SsoXqNuAisEf1GdCxqWcdBw==

unconfig-core@^7.5.0:
  version "7.5.0"
  resolved "https://registry.yarnpkg.com/unconfig-core/-/unconfig-core-7.5.0.tgz#68f3d000701288418f3d36203d886f38c3986677"
  integrity sha512-Su3FauozOGP44ZmKdHy2oE6LPjk51M/TRRjHv2HNCWiDvfvCoxC2lno6jevMA91MYAdCdwP05QnWdWpSbncX/w==
  dependencies:
    "@quansync/fs" "^1.0.0"
    quansync "^1.0.0"

undici@^7.25.0:
  version "7.28.0"
  resolved "https://registry.yarnpkg.com/undici/-/undici-7.28.0.tgz#97d64564198b285bc281f0e8e29597e3d11fe7ec"
  integrity sha512-cRZYrTDwWznlnRiPjggAGxZXanty6M8RV1ff8Wm4LWXBp7/IG8v5DnOm74DtUBp9OONpK75YlPnIjQqX0dBDtA==

verkit@^0.4.0:
  version "0.4.0"
  resolved "https://registry.yarnpkg.com/verkit/-/verkit-0.4.0.tgz#8cec7abc965d26f3069f6a630351478e3de2a510"
  integrity sha512-sXMwN6DMHeouPfCxkxWkKAmxphWKEenHYY5H1nIBzU3PmDsmJp6kBXJdshjVdpMZuWCmL9SH7KFRx29AylpP6g==

vitest@^5.0.0:
  version "5.0.0"
  resolved "https://registry.yarnpkg.com/vitest/-/vitest-5.0.0.tgz#a85f075e65bc7c87cce4df2f9114214fbd92f245"
  integrity sha512-gpsMNoRhMjMktVxPtstOH4/PJuPyovVaMDr4oDilXaGH1EcqM2OE96SoHT2VIQ6fTGtTjqmHDrEu2X9RQiXf8Q==
  dependencies:
    "@types/chai" "^5.2.2"
    "@vitest/mocker" "5.0.0"
    chai "^6.2.2"
    es-module-lexer "^2.3.2"
    expect-type "^1.4.0"
    magic-string "^1.2.3"
    obug "^2.1.4"
    picomatch "^4.0.7"
    std-env "^4.2.0"
    tinybench "6.1.4"
    tinyexec "1.3.0"
    tinyglobby "^0.2.17"
    why-is-node-running "^2.3.0"

w3c-xmlserializer@^5.0.0:
  version "5.0.0"
  resolved "https://registry.yarnpkg.com/w3c-xmlserializer/-/w3c-xmlserializer-5.0.0.tgz#f925ba26855158594d907313cedd1476c5967f6c"
  integrity sha512-o8qghlI8NZHU1lLPrpi2+Uq7abh4GGPpYANlalzWxyWteJOCsr/P+oPBA49TOLu5FTZO4d3F9MnWJfiMo4BkmA==
  dependencies:
    xml-name-validator "^5.0.0"

webidl-conversions@^8.0.1:
  version "8.0.1"
  resolved "https://registry.yarnpkg.com/webidl-conversions/-/webidl-conversions-8.0.1.tgz#0657e571fe6f06fcb15ca50ed1fdbcb495cd1686"
  integrity sha512-BMhLD/Sw+GbJC21C/UgyaZX41nPt8bUTg+jWyDeg7e7YN4xOM05YPSIXceACnXVtqyEw/LMClUQMtMZ+PGGpqQ==

whatwg-mimetype@^5.0.0:
  version "5.0.0"
  resolved "https://registry.yarnpkg.com/whatwg-mimetype/-/whatwg-mimetype-5.0.0.tgz#d8232895dbd527ceaee74efd4162008fb8a8cf48"
  integrity sha512-sXcNcHOC51uPGF0P/D4NVtrkjSU2fNsm9iog4ZvZJsL3rjoDAzXZhkm2MWt1y+PUdggKAYVoMAIYcs78wJ51Cw==

whatwg-url@^16.0.0, whatwg-url@^16.0.1:
  version "16.0.1"
  resolved "https://registry.yarnpkg.com/whatwg-url/-/whatwg-url-16.0.1.tgz#047f7f4bd36ef76b7198c172d1b1cebc66f764dd"
  integrity sha512-1to4zXBxmXHV3IiSSEInrreIlu02vUOvrhxJJH5vcxYTBDAx51cqZiKdyTxlecdKNSjj8EcxGBxNf6Vg+945gw==
  dependencies:
    "@exodus/bytes" "^1.11.0"
    tr46 "^6.0.0"
    webidl-conversions "^8.0.1"

why-is-node-running@^2.3.0:
  version "2.3.0"
  resolved "https://registry.yarnpkg.com/why-is-node-running/-/why-is-node-running-2.3.0.tgz#a3f69a97107f494b3cdc3bdddd883a7d65cebf04"
  integrity sha512-hUrmaWBdVDcxvYqnyh09zunKzROWjbZTiNy8dBEjkS7ehEDQibXJ7XvlmtbwuTclUiIyN+CyXQD4Vmko8fNm8w==
  dependencies:
    siginfo "^2.0.0"
    stackback "0.0.2"

xml-name-validator@^5.0.0:
  version "5.0.0"
  resolved "https://registry.yarnpkg.com/xml-name-validator/-/xml-name-validator-5.0.0.tgz#82be9b957f7afdacf961e5980f1bf227c0bf7673"
  integrity sha512-EvGK8EJ3DhaHfbRlETOWAS5pO9MZITeauHKJyb8wyajUfQUenkIg2MvLDTZ4T/TgIcm3HU0TFBgWWboAZ30UHg==

xmlchars@^2.2.0:
  version "2.2.0"
  resolved "https://registry.yarnpkg.com/xmlchars/-/xmlchars-2.2.0.tgz#060fe1bcb7f9c76fe2a17db86a9bc3ab894210cb"
  integrity sha512-JZnDKK8B0RCDw84FNdDAIpZK+JuJw+s7Lz8nksI7SIuU3UXJJslUthsi+uWBUYOwPFwW7W7PRLRfUKpxjtjFCw==

yuku-ast@^0.9.3, yuku-ast@^0.9.4:
  version "0.9.4"
  resolved "https://registry.yarnpkg.com/yuku-ast/-/yuku-ast-0.9.4.tgz#79c8eab996aa41e4948a888a67f4d605a9146e4e"
  integrity sha512-AeeHDopMAy2mMafUMEIZxmQaCJOPEvBGDSSA23y5iKuzak3H2otfmgo4ObJubuzdHlJrv4eFY3KQ5XZOru5gpw==
  dependencies:
    "@yuku-toolchain/types" "^0.9.4"

yuku-codegen@^0.9.3:
  version "0.9.4"
  resolved "https://registry.yarnpkg.com/yuku-codegen/-/yuku-codegen-0.9.4.tgz#7d67b2ae39c10448bec90a4cb054aaee95afd6e1"
  integrity sha512-pPr8xA8wBjrebER5VFeqS1XqATED1dQXU7JoAectAi1RBG4YFJz5yBirnmmmHZHldgnMKs/pMGkDtwGVQX+Efg==
  dependencies:
    "@yuku-toolchain/types" "^0.9.4"
  optionalDependencies:
    "@yuku-codegen/binding-android-arm64" "0.9.4"
    "@yuku-codegen/binding-darwin-arm64" "0.9.4"
    "@yuku-codegen/binding-darwin-x64" "0.9.4"
    "@yuku-codegen/binding-freebsd-x64" "0.9.4"
    "@yuku-codegen/binding-linux-arm-gnu" "0.9.4"
    "@yuku-codegen/binding-linux-arm-musl" "0.9.4"
    "@yuku-codegen/binding-linux-arm64-gnu" "0.9.4"
    "@yuku-codegen/binding-linux-arm64-musl" "0.9.4"
    "@yuku-codegen/binding-linux-x64-gnu" "0.9.4"
    "@yuku-codegen/binding-linux-x64-musl" "0.9.4"
    "@yuku-codegen/binding-win32-arm64" "0.9.4"
    "@yuku-codegen/binding-win32-x64" "0.9.4"

yuku-parser@^0.9.3:
  version "0.9.4"
  resolved "https://registry.yarnpkg.com/yuku-parser/-/yuku-parser-0.9.4.tgz#8a654bebbdfe50669aaffff9f3593f06df840b91"
  integrity sha512-VWnoJzdB2g1JjsMEcB2MxSLoDbgISgOiNRsgiR0qrQKiUw2yyzEfYEYkNHSMNhdGkSo7gtmcN+2UOczzGDLAuw==
  dependencies:
    "@yuku-toolchain/types" "^0.9.4"
    yuku-ast "^0.9.4"
  optionalDependencies:
    "@yuku-parser/binding-android-arm64" "0.9.4"
    "@yuku-parser/binding-darwin-arm64" "0.9.4"
    "@yuku-parser/binding-darwin-x64" "0.9.4"
    "@yuku-parser/binding-freebsd-x64" "0.9.4"
    "@yuku-parser/binding-linux-arm-gnu" "0.9.4"
    "@yuku-parser/binding-linux-arm-musl" "0.9.4"
    "@yuku-parser/binding-linux-arm64-gnu" "0.9.4"
    "@yuku-parser/binding-linux-arm64-musl" "0.9.4"
    "@yuku-parser/binding-linux-x64-gnu" "0.9.4"
    "@yuku-parser/binding-linux-x64-musl" "0.9.4"
    "@yuku-parser/binding-win32-arm64" "0.9.4"
    "@yuku-parser/binding-win32-x64" "0.9.4"
